
Microsoft Visual Studio Solution File, Format Version 11.00
# Visual Studio 2010
Project("{8BC9CEB8-8B4A-11D0-8D11-00A0C91BC942}") = "engine", "engine\engine.vcxproj", "{BB3FFA01-1F30-4D9F-AE6E-AC5CCF1A8E8F}"
EndProject
Project("{8BC9CEB8-8B4A-11D0-8D11-00A0C91BC942}") = "1-interpolation", "examples\1-interpolation\1-interpolation.vcxproj", "{CA528F3C-2A5D-4415-8018-030F2F5ED4BD}"
	ProjectSection(ProjectDependencies) = postProject
		{BB3FFA01-1F30-4D9F-AE6E-AC5CCF1A8E8F} = {BB3FFA01-1F30-4D9F-AE6E-AC5CCF1A8E8F}
	EndProjectSection
EndProject
Project("{8BC9CEB8-8B4A-11D0-8D11-00A0C91BC942}") = "2-ik", "examples\2-ik\2-ik.vcxproj", "{1D9A0BA9-5551-4C8F-A107-BA4440C73027}"
	ProjectSection(ProjectDependencies) = postProject
		{BB3FFA01-1F30-4D9F-AE6E-AC5CCF1A8E8F} = {BB3FFA01-1F30-4D9F-AE6E-AC5CCF1A8E8F}
	EndProjectSection
EndProject
Project("{8BC9CEB8-8B4A-11D0-8D11-00A0C91BC942}") = "3-rigidbody", "examples\3-rigidbody\3-rigidbody.vcxproj", "{62952E68-5B64-49D4-ACDD-E46FCF5B3A8E}"
	ProjectSection(ProjectDependencies) = postProject
		{BB3FFA01-1F30-4D9F-AE6E-AC5CCF1A8E8F} = {BB3FFA01-1F30-4D9F-AE6E-AC5CCF1A8E8F}
	EndProjectSection
EndProject
Project("{8BC9CEB8-8B4A-11D0-8D11-00A0C91BC942}") = "4-particlesystem", "examples\4-particlesystem\4-particlesystem.vcxproj", "{77EC7D66-EE5E-4CAB-89A4-11F70DDA5E88}"
	ProjectSection(ProjectDependencies) = postProject
		{BB3FFA01-1F30-4D9F-AE6E-AC5CCF1A8E8F} = {BB3FFA01-1F30-4D9F-AE6E-AC5CCF1A8E8F}
	EndProjectSection
EndProject
Project("{8BC9CEB8-8B4A-11D0-8D11-00A0C91BC942}") = "5-softbody", "examples\5-softbody\5-softbody.vcxproj", "{DAD24E55-BEA4-4BE7-AF03-21A2A2EC66A6}"
	ProjectSection(ProjectDependencies) = postProject
		{BB3FFA01-1F30-4D9F-AE6E-AC5CCF1A8E8F} = {BB3FFA01-1F30-4D9F-AE6E-AC5CCF1A8E8F}
	EndProjectSection
EndProject
Global
	GlobalSection(SolutionConfigurationPlatforms) = preSolution
		Debug|Win32 = Debug|Win32
		Library|Win32 = Library|Win32
		Release|Win32 = Release|Win32
	EndGlobalSection
	GlobalSection(ProjectConfigurationPlatforms) = postSolution
		{BB3FFA01-1F30-4D9F-AE6E-AC5CCF1A8E8F}.Debug|Win32.ActiveCfg = Debug|Win32
		{BB3FFA01-1F30-4D9F-AE6E-AC5CCF1A8E8F}.Debug|Win32.Build.0 = Debug|Win32
		{BB3FFA01-1F30-4D9F-AE6E-AC5CCF1A8E8F}.Library|Win32.ActiveCfg = Release|Win32
		{BB3FFA01-1F30-4D9F-AE6E-AC5CCF1A8E8F}.Library|Win32.Build.0 = Release|Win32
		{BB3FFA01-1F30-4D9F-AE6E-AC5CCF1A8E8F}.Release|Win32.ActiveCfg = Release|Win32
		{BB3FFA01-1F30-4D9F-AE6E-AC5CCF1A8E8F}.Release|Win32.Build.0 = Release|Win32
		{CA528F3C-2A5D-4415-8018-030F2F5ED4BD}.Debug|Win32.ActiveCfg = Debug|Win32
		{CA528F3C-2A5D-4415-8018-030F2F5ED4BD}.Debug|Win32.Build.0 = Debug|Win32
		{CA528F3C-2A5D-4415-8018-030F2F5ED4BD}.Library|Win32.ActiveCfg = Release|Win32
		{CA528F3C-2A5D-4415-8018-030F2F5ED4BD}.Library|Win32.Build.0 = Release|Win32
		{CA528F3C-2A5D-4415-8018-030F2F5ED4BD}.Release|Win32.ActiveCfg = Release|Win32
		{CA528F3C-2A5D-4415-8018-030F2F5ED4BD}.Release|Win32.Build.0 = Release|Win32
		{1D9A0BA9-5551-4C8F-A107-BA4440C73027}.Debug|Win32.ActiveCfg = Debug|Win32
		{1D9A0BA9-5551-4C8F-A107-BA4440C73027}.Debug|Win32.Build.0 = Debug|Win32
		{1D9A0BA9-5551-4C8F-A107-BA4440C73027}.Library|Win32.ActiveCfg = Release|Win32
		{1D9A0BA9-5551-4C8F-A107-BA4440C73027}.Library|Win32.Build.0 = Release|Win32
		{1D9A0BA9-5551-4C8F-A107-BA4440C73027}.Release|Win32.ActiveCfg = Release|Win32
		{1D9A0BA9-5551-4C8F-A107-BA4440C73027}.Release|Win32.Build.0 = Release|Win32
		{62952E68-5B64-49D4-ACDD-E46FCF5B3A8E}.Debug|Win32.ActiveCfg = Debug|Win32
		{62952E68-5B64-49D4-ACDD-E46FCF5B3A8E}.Debug|Win32.Build.0 = Debug|Win32
		{62952E68-5B64-49D4-ACDD-E46FCF5B3A8E}.Library|Win32.ActiveCfg = Release|Win32
		{62952E68-5B64-49D4-ACDD-E46FCF5B3A8E}.Library|Win32.Build.0 = Release|Win32
		{62952E68-5B64-49D4-ACDD-E46FCF5B3A8E}.Release|Win32.ActiveCfg = Release|Win32
		{62952E68-5B64-49D4-ACDD-E46FCF5B3A8E}.Release|Win32.Build.0 = Release|Win32
		{77EC7D66-EE5E-4CAB-89A4-11F70DDA5E88}.Debug|Win32.ActiveCfg = Debug|Win32
		{77EC7D66-EE5E-4CAB-89A4-11F70DDA5E88}.Debug|Win32.Build.0 = Debug|Win32
		{77EC7D66-EE5E-4CAB-89A4-11F70DDA5E88}.Library|Win32.ActiveCfg = Release|Win32
		{77EC7D66-EE5E-4CAB-89A4-11F70DDA5E88}.Library|Win32.Build.0 = Release|Win32
		{77EC7D66-EE5E-4CAB-89A4-11F70DDA5E88}.Release|Win32.ActiveCfg = Release|Win32
		{77EC7D66-EE5E-4CAB-89A4-11F70DDA5E88}.Release|Win32.Build.0 = Release|Win32
		{DAD24E55-BEA4-4BE7-AF03-21A2A2EC66A6}.Debug|Win32.ActiveCfg = Debug|Win32
		{DAD24E55-BEA4-4BE7-AF03-21A2A2EC66A6}.Debug|Win32.Build.0 = Debug|Win32
		{DAD24E55-BEA4-4BE7-AF03-21A2A2EC66A6}.Library|Win32.ActiveCfg = Release|Win32
		{DAD24E55-BEA4-4BE7-AF03-21A2A2EC66A6}.Library|Win32.Build.0 = Release|Win32
		{DAD24E55-BEA4-4BE7-AF03-21A2A2EC66A6}.Release|Win32.ActiveCfg = Release|Win32
		{DAD24E55-BEA4-4BE7-AF03-21A2A2EC66A6}.Release|Win32.Build.0 = Release|Win32
	EndGlobalSection
	GlobalSection(SolutionProperties) = preSolution
		HideSolutionNode = FALSE
	EndGlobalSection
EndGlobal
