<?xml version="1.0" encoding="utf-8"?>
<Project ToolsVersion="4.0" xmlns="http://schemas.microsoft.com/developer/msbuild/2003">
  <ItemGroup>
    <Filter Include="Source Files">
      <UniqueIdentifier>{4FC737F1-C7A5-4376-A066-2A32D752A2FF}</UniqueIdentifier>
      <Extensions>cpp;c;cc;cxx;def;odl;idl;hpj;bat;asm;asmx</Extensions>
    </Filter>
    <Filter Include="Header Files">
      <UniqueIdentifier>{93995380-89BD-4b04-88EB-625FBE52EBFB}</UniqueIdentifier>
      <Extensions>h;hpp;hxx;hm;inl;inc;xsd</Extensions>
    </Filter>
    <Filter Include="Resource Files">
      <UniqueIdentifier>{67DA6AB6-F800-4c08-8B7A-83BB121AAD01}</UniqueIdentifier>
      <Extensions>rc;ico;cur;bmp;dlg;rc2;rct;bin;rgs;gif;jpg;jpeg;jpe;resx;tiff;tif;png;wav;mfcribbon-ms</Extensions>
    </Filter>
  </ItemGroup>
  <ItemGroup>
    <ClInclude Include="include\common\Animator.h">
      <Filter>Header Files</Filter>
    </ClInclude>
    <ClInclude Include="include\common\Application.h">
      <Filter>Header Files</Filter>
    </ClInclude>
    <ClInclude Include="include\common\Camera.h">
      <Filter>Header Files</Filter>
    </ClInclude>
    <ClInclude Include="include\common\GameObject.h">
      <Filter>Header Files</Filter>
    </ClInclude>
    <ClInclude Include="include\common\GlutApplication.h">
      <Filter>Header Files</Filter>
    </ClInclude>
    <ClInclude Include="include\common\Keymap.h">
      <Filter>Header Files</Filter>
    </ClInclude>
    <ClInclude Include="include\common\Material.h">
      <Filter>Header Files</Filter>
    </ClInclude>
    <ClInclude Include="include\common\Mesh.h">
      <Filter>Header Files</Filter>
    </ClInclude>
    <ClInclude Include="include\common\MeshObject.h">
      <Filter>Header Files</Filter>
    </ClInclude>
    <ClInclude Include="include\common\MeshRenderer.h">
      <Filter>Header Files</Filter>
    </ClInclude>
    <ClInclude Include="include\common\Renderer.h">
      <Filter>Header Files</Filter>
    </ClInclude>
    <ClInclude Include="include\common\SDLApplication.h">
      <Filter>Header Files</Filter>
    </ClInclude>
    <ClInclude Include="include\common\Shader.h">
      <Filter>Header Files</Filter>
    </ClInclude>
    <ClInclude Include="include\common\Texture.h">
      <Filter>Header Files</Filter>
    </ClInclude>
    <ClInclude Include="include\common\Trace.h">
      <Filter>Header Files</Filter>
    </ClInclude>
    <ClInclude Include="include\common\Transform.h">
      <Filter>Header Files</Filter>
    </ClInclude>
    <ClInclude Include="include\common\Utils.h">
      <Filter>Header Files</Filter>
    </ClInclude>
    <ClInclude Include="include\interpolation\ControlPoints.h">
      <Filter>Header Files</Filter>
    </ClInclude>
    <ClInclude Include="include\interpolation\Interpolator.h">
      <Filter>Header Files</Filter>
    </ClInclude>
    <ClInclude Include="include\interpolation\KeyframeAnimator.h">
      <Filter>Header Files</Filter>
    </ClInclude>
    <ClInclude Include="include\interpolation\SplineRenderer.h">
      <Filter>Header Files</Filter>
    </ClInclude>
    <ClInclude Include="include\interpolation\TransformRenderer.h">
      <Filter>Header Files</Filter>
    </ClInclude>
    <ClInclude Include="include\ik\Bone.h">
      <Filter>Header Files</Filter>
    </ClInclude>
    <ClInclude Include="include\ik\Skeleton.h">
      <Filter>Header Files</Filter>
    </ClInclude>
    <ClInclude Include="include\rigidbody\RigidBody.h">
      <Filter>Header Files</Filter>
    </ClInclude>
    <ClInclude Include="include\rigidbody\Physics.h">
      <Filter>Header Files</Filter>
    </ClInclude>
    <ClInclude Include="include\rigidbody\CollisionDetector.h">
      <Filter>Header Files</Filter>
    </ClInclude>
    <ClInclude Include="include\common\LineRenderer.h">
      <Filter>Header Files</Filter>
    </ClInclude>
    <ClInclude Include="include\particlesystem\ParticleSystem.h">
      <Filter>Header Files</Filter>
    </ClInclude>
    <ClInclude Include="include\particlesystem\ParticleRenderer.h">
      <Filter>Header Files</Filter>
    </ClInclude>
    <ClInclude Include="include\rigidbody\Collider.h">
      <Filter>Header Files</Filter>
    </ClInclude>
    <ClInclude Include="include\particlesystem\ParticleEmitter.h">
      <Filter>Header Files</Filter>
    </ClInclude>
    <ClInclude Include="include\common\Component.h">
      <Filter>Header Files</Filter>
    </ClInclude>
    <ClInclude Include="include\particlesystem\FlowPrimitive.h">
      <Filter>Header Files</Filter>
    </ClInclude>
    <ClInclude Include="include\softbody\SoftBody.h">
      <Filter>Header Files</Filter>
    </ClInclude>
    <ClInclude Include="include\softbody\SoftBodyWorld.h">
      <Filter>Header Files</Filter>
    </ClInclude>
    <ClInclude Include="include\rigidbody\CollisionBody.h">
      <Filter>Header Files</Filter>
    </ClInclude>
    <ClInclude Include="include\softbody\BVH.h">
      <Filter>Header Files</Filter>
    </ClInclude>
    <ClInclude Include="include\lsystem\LSystem.h">
      <Filter>Header Files</Filter>
    </ClInclude>
    <ClInclude Include="include\TurtleRenderer.h">
      <Filter>Header Files</Filter>
    </ClInclude>
  </ItemGroup>
  <ItemGroup>
    <ClCompile Include="src\common\Camera.cpp">
      <Filter>Source Files</Filter>
    </ClCompile>
    <ClCompile Include="src\common\GameObject.cpp">
      <Filter>Source Files</Filter>
    </ClCompile>
    <ClCompile Include="src\common\GlutApplication.cpp">
      <Filter>Source Files</Filter>
    </ClCompile>
    <ClCompile Include="src\common\Material.cpp">
      <Filter>Source Files</Filter>
    </ClCompile>
    <ClCompile Include="src\common\Mesh.cpp">
      <Filter>Source Files</Filter>
    </ClCompile>
    <ClCompile Include="src\common\MeshFactory.cpp">
      <Filter>Source Files</Filter>
    </ClCompile>
    <ClCompile Include="src\common\MeshObject.cpp">
      <Filter>Source Files</Filter>
    </ClCompile>
    <ClCompile Include="src\common\MeshRenderer.cpp">
      <Filter>Source Files</Filter>
    </ClCompile>
    <ClCompile Include="src\common\SDLApplication.cpp">
      <Filter>Source Files</Filter>
    </ClCompile>
    <ClCompile Include="src\common\Shader.cpp">
      <Filter>Source Files</Filter>
    </ClCompile>
    <ClCompile Include="src\common\Texture.cpp">
      <Filter>Source Files</Filter>
    </ClCompile>
    <ClCompile Include="src\common\Transform.cpp">
      <Filter>Source Files</Filter>
    </ClCompile>
    <ClCompile Include="src\interpolation\KeyframeAnimator.cpp">
      <Filter>Source Files</Filter>
    </ClCompile>
    <ClCompile Include="src\interpolation\SplineRenderer.cpp">
      <Filter>Source Files</Filter>
    </ClCompile>
    <ClCompile Include="src\interpolation\TransformRenderer.cpp">
      <Filter>Source Files</Filter>
    </ClCompile>
    <ClCompile Include="src\ik\Bone.cpp">
      <Filter>Source Files</Filter>
    </ClCompile>
    <ClCompile Include="src\ik\Skeleton.cpp">
      <Filter>Source Files</Filter>
    </ClCompile>
    <ClCompile Include="src\rigidbody\RigidBody.cpp">
      <Filter>Source Files</Filter>
    </ClCompile>
    <ClCompile Include="src\rigidbody\Physics.cpp">
      <Filter>Source Files</Filter>
    </ClCompile>
    <ClCompile Include="src\rigidbody\CollisionDetector.cpp">
      <Filter>Source Files</Filter>
    </ClCompile>
    <ClCompile Include="src\rigidbody\Collider.cpp">
      <Filter>Source Files</Filter>
    </ClCompile>
    <ClCompile Include="src\common\LineRenderer.cpp">
      <Filter>Source Files</Filter>
    </ClCompile>
    <ClCompile Include="src\particlesystem\ParticleSystem.cpp">
      <Filter>Source Files</Filter>
    </ClCompile>
    <ClCompile Include="src\particlesystem\ParticleRenderer.cpp">
      <Filter>Source Files</Filter>
    </ClCompile>
    <ClCompile Include="src\particlesystem\ParticleEmitter.cpp">
      <Filter>Source Files</Filter>
    </ClCompile>
    <ClCompile Include="src\particlesystem\FlowPrimitive.cpp">
      <Filter>Source Files</Filter>
    </ClCompile>
    <ClCompile Include="src\softbody\SoftBody.cpp">
      <Filter>Source Files</Filter>
    </ClCompile>
    <ClCompile Include="src\softbody\SoftBodyWorld.cpp">
      <Filter>Source Files</Filter>
    </ClCompile>
    <ClCompile Include="src\softbody\BVH.cpp">
      <Filter>Source Files</Filter>
    </ClCompile>
    <ClCompile Include="src\lsystem\LSystem.cpp">
      <Filter>Source Files</Filter>
    </ClCompile>
    <ClCompile Include="src\lsystem\TurtleRenderer.cpp">
      <Filter>Source Files</Filter>
    </ClCompile>
  </ItemGroup>
</Project>